
Microsoft Visual Studio Solution File, Format Version 12.00
# Visual Studio Version 17
VisualStudioVersion = 17.2.32516.85
MinimumVisualStudioVersion = 10.0.40219.1
Project("{2150E333-8FDC-42A3-9474-1A3956D46DE8}") = "Services", "Services", "{7CE64F60-31F8-4DD9-8AC3-FCC8AFD46BC4}"
EndProject
Project("{2150E333-8FDC-42A3-9474-1A3956D46DE8}") = "Catalog", "Catalog", "{97397744-F893-440B-A116-AF5615342825}"
EndProject
Project("{9A19103F-16F7-4668-BE54-9A1E7A4F7556}") = "Catalog.API", "Services\Catalog\Catalog.API\Catalog.API.csproj", "{82FAE247-58DA-4AEB-820A-15C242BB19A9}"
EndProject
Project("{E53339B2-1760-4266-BCC7-CA923CBCF16C}") = "docker-compose", "docker-compose.dcproj", "{BF63D69B-5125-4E3D-AAB2-26073A8885D1}"
EndProject
Global
	GlobalSection(SolutionConfigurationPlatforms) = preSolution
		Debug|Any CPU = Debug|Any CPU
		Release|Any CPU = Release|Any CPU
	EndGlobalSection
	GlobalSection(ProjectConfigurationPlatforms) = postSolution
		{82FAE247-58DA-4AEB-820A-15C242BB19A9}.Debug|Any CPU.ActiveCfg = Debug|Any CPU
		{82FAE247-58DA-4AEB-820A-15C242BB19A9}.Debug|Any CPU.Build.0 = Debug|Any CPU
		{82FAE247-58DA-4AEB-820A-15C242BB19A9}.Release|Any CPU.ActiveCfg = Release|Any CPU
		{82FAE247-58DA-4AEB-820A-15C242BB19A9}.Release|Any CPU.Build.0 = Release|Any CPU
		{BF63D69B-5125-4E3D-AAB2-26073A8885D1}.Debug|Any CPU.ActiveCfg = Debug|Any CPU
		{BF63D69B-5125-4E3D-AAB2-26073A8885D1}.Debug|Any CPU.Build.0 = Debug|Any CPU
		{BF63D69B-5125-4E3D-AAB2-26073A8885D1}.Release|Any CPU.ActiveCfg = Release|Any CPU
		{BF63D69B-5125-4E3D-AAB2-26073A8885D1}.Release|Any CPU.Build.0 = Release|Any CPU
	EndGlobalSection
	GlobalSection(SolutionProperties) = preSolution
		HideSolutionNode = FALSE
	EndGlobalSection
	GlobalSection(NestedProjects) = preSolution
		{97397744-F893-440B-A116-AF5615342825} = {7CE64F60-31F8-4DD9-8AC3-FCC8AFD46BC4}
		{82FAE247-58DA-4AEB-820A-15C242BB19A9} = {97397744-F893-440B-A116-AF5615342825}
	EndGlobalSection
	GlobalSection(ExtensibilityGlobals) = postSolution
		SolutionGuid = {B3972ECB-6C03-493F-863A-6F71D9425EB8}
	EndGlobalSection
EndGlobal
