
Microsoft Visual Studio Solution File, Format Version 12.00
# Visual Studio Version 17
VisualStudioVersion = 17.2.32516.85
MinimumVisualStudioVersion = 10.0.40219.1
Project("{2150E333-8FDC-42A3-9474-1A3956D46DE8}") = "Services", "Services", "{7CE64F60-31F8-4DD9-8AC3-FCC8AFD46BC4}"
EndProject
Project("{2150E333-8FDC-42A3-9474-1A3956D46DE8}") = "Catalog", "Catalog", "{97397744-F893-440B-A116-AF5615342825}"
EndProject
Project("{9A19103F-16F7-4668-BE54-9A1E7A4F7556}") = "Catalog.API", "Services\Catalog\Catalog.API\Catalog.API.csproj", "{82FAE247-58DA-4AEB-820A-15C242BB19A9}"
EndProject
Project("{E53339B2-1760-4266-BCC7-CA923CBCF16C}") = "docker-compose", "docker-compose.dcproj", "{BF63D69B-5125-4E3D-AAB2-26073A8885D1}"
EndProject
Project("{2150E333-8FDC-42A3-9474-1A3956D46DE8}") = "Basket", "Basket", "{CF23E08F-360E-4144-8DCC-E5D95C3BB58B}"
EndProject
Project("{9A19103F-16F7-4668-BE54-9A1E7A4F7556}") = "Basket.API", "Services\Basket\Basket.API\Basket.API.csproj", "{FE9ECB90-C7EB-4924-B3EC-8AEBA9C87033}"
EndProject
Project("{2150E333-8FDC-42A3-9474-1A3956D46DE8}") = "Discount", "Discount", "{3B4F2236-F440-4FB5-8386-130D0428D511}"
EndProject
Project("{9A19103F-16F7-4668-BE54-9A1E7A4F7556}") = "Discount.Api", "Services\Discount\Discount.Api\Discount.Api.csproj", "{CC9F95D1-C0CF-4C42-9750-30A8F102DC25}"
EndProject
Project("{9A19103F-16F7-4668-BE54-9A1E7A4F7556}") = "Discount.Grpc", "Services\Discount\Discount.Grpc\Discount.Grpc.csproj", "{E5011E8C-4871-4DB8-9F0E-C33B66FEC472}"
EndProject
Project("{2150E333-8FDC-42A3-9474-1A3956D46DE8}") = "Ordering", "Ordering", "{BE933BE8-2B38-4B2F-9A16-0B25A57820FD}"
EndProject
Project("{FAE04EC0-301F-11D3-BF4B-00C04F79EFBC}") = "Ordering.API", "Services\Ordering\Ordering.API\Ordering.API.csproj", "{F8027DEB-A563-4D6A-9246-625EC9BFD473}"
EndProject
Project("{FAE04EC0-301F-11D3-BF4B-00C04F79EFBC}") = "Ordering.Domain", "Services\Ordering\Ordering.Domain\Ordering.Domain.csproj", "{EA387DED-ADD6-4DFB-B936-271EDCAD23F1}"
EndProject
Project("{FAE04EC0-301F-11D3-BF4B-00C04F79EFBC}") = "Ordering.Application", "Services\Ordering\Ordering.Application\Ordering.Application.csproj", "{FFDD014B-A55A-46CF-A705-4B34833644CF}"
EndProject
Project("{FAE04EC0-301F-11D3-BF4B-00C04F79EFBC}") = "Ordering.Infrastructure", "..\Ordering.Infrastructure\Ordering.Infrastructure.csproj", "{3C9698D9-4339-47CA-B53A-21A8391D85CC}"
EndProject
Global
	GlobalSection(SolutionConfigurationPlatforms) = preSolution
		Debug|Any CPU = Debug|Any CPU
		Release|Any CPU = Release|Any CPU
	EndGlobalSection
	GlobalSection(ProjectConfigurationPlatforms) = postSolution
		{82FAE247-58DA-4AEB-820A-15C242BB19A9}.Debug|Any CPU.ActiveCfg = Debug|Any CPU
		{82FAE247-58DA-4AEB-820A-15C242BB19A9}.Debug|Any CPU.Build.0 = Debug|Any CPU
		{82FAE247-58DA-4AEB-820A-15C242BB19A9}.Release|Any CPU.ActiveCfg = Release|Any CPU
		{82FAE247-58DA-4AEB-820A-15C242BB19A9}.Release|Any CPU.Build.0 = Release|Any CPU
		{BF63D69B-5125-4E3D-AAB2-26073A8885D1}.Debug|Any CPU.ActiveCfg = Debug|Any CPU
		{BF63D69B-5125-4E3D-AAB2-26073A8885D1}.Debug|Any CPU.Build.0 = Debug|Any CPU
		{BF63D69B-5125-4E3D-AAB2-26073A8885D1}.Release|Any CPU.ActiveCfg = Release|Any CPU
		{BF63D69B-5125-4E3D-AAB2-26073A8885D1}.Release|Any CPU.Build.0 = Release|Any CPU
		{FE9ECB90-C7EB-4924-B3EC-8AEBA9C87033}.Debug|Any CPU.ActiveCfg = Debug|Any CPU
		{FE9ECB90-C7EB-4924-B3EC-8AEBA9C87033}.Debug|Any CPU.Build.0 = Debug|Any CPU
		{FE9ECB90-C7EB-4924-B3EC-8AEBA9C87033}.Release|Any CPU.ActiveCfg = Release|Any CPU
		{FE9ECB90-C7EB-4924-B3EC-8AEBA9C87033}.Release|Any CPU.Build.0 = Release|Any CPU
		{CC9F95D1-C0CF-4C42-9750-30A8F102DC25}.Debug|Any CPU.ActiveCfg = Debug|Any CPU
		{CC9F95D1-C0CF-4C42-9750-30A8F102DC25}.Debug|Any CPU.Build.0 = Debug|Any CPU
		{CC9F95D1-C0CF-4C42-9750-30A8F102DC25}.Release|Any CPU.ActiveCfg = Release|Any CPU
		{CC9F95D1-C0CF-4C42-9750-30A8F102DC25}.Release|Any CPU.Build.0 = Release|Any CPU
		{E5011E8C-4871-4DB8-9F0E-C33B66FEC472}.Debug|Any CPU.ActiveCfg = Debug|Any CPU
		{E5011E8C-4871-4DB8-9F0E-C33B66FEC472}.Debug|Any CPU.Build.0 = Debug|Any CPU
		{E5011E8C-4871-4DB8-9F0E-C33B66FEC472}.Release|Any CPU.ActiveCfg = Release|Any CPU
		{E5011E8C-4871-4DB8-9F0E-C33B66FEC472}.Release|Any CPU.Build.0 = Release|Any CPU
		{F8027DEB-A563-4D6A-9246-625EC9BFD473}.Debug|Any CPU.ActiveCfg = Debug|Any CPU
		{F8027DEB-A563-4D6A-9246-625EC9BFD473}.Debug|Any CPU.Build.0 = Debug|Any CPU
		{F8027DEB-A563-4D6A-9246-625EC9BFD473}.Release|Any CPU.ActiveCfg = Release|Any CPU
		{F8027DEB-A563-4D6A-9246-625EC9BFD473}.Release|Any CPU.Build.0 = Release|Any CPU
		{EA387DED-ADD6-4DFB-B936-271EDCAD23F1}.Debug|Any CPU.ActiveCfg = Debug|Any CPU
		{EA387DED-ADD6-4DFB-B936-271EDCAD23F1}.Debug|Any CPU.Build.0 = Debug|Any CPU
		{EA387DED-ADD6-4DFB-B936-271EDCAD23F1}.Release|Any CPU.ActiveCfg = Release|Any CPU
		{EA387DED-ADD6-4DFB-B936-271EDCAD23F1}.Release|Any CPU.Build.0 = Release|Any CPU
		{FFDD014B-A55A-46CF-A705-4B34833644CF}.Debug|Any CPU.ActiveCfg = Debug|Any CPU
		{FFDD014B-A55A-46CF-A705-4B34833644CF}.Debug|Any CPU.Build.0 = Debug|Any CPU
		{FFDD014B-A55A-46CF-A705-4B34833644CF}.Release|Any CPU.ActiveCfg = Release|Any CPU
		{FFDD014B-A55A-46CF-A705-4B34833644CF}.Release|Any CPU.Build.0 = Release|Any CPU
		{3C9698D9-4339-47CA-B53A-21A8391D85CC}.Debug|Any CPU.ActiveCfg = Debug|Any CPU
		{3C9698D9-4339-47CA-B53A-21A8391D85CC}.Debug|Any CPU.Build.0 = Debug|Any CPU
		{3C9698D9-4339-47CA-B53A-21A8391D85CC}.Release|Any CPU.ActiveCfg = Release|Any CPU
		{3C9698D9-4339-47CA-B53A-21A8391D85CC}.Release|Any CPU.Build.0 = Release|Any CPU
	EndGlobalSection
	GlobalSection(SolutionProperties) = preSolution
		HideSolutionNode = FALSE
	EndGlobalSection
	GlobalSection(NestedProjects) = preSolution
		{97397744-F893-440B-A116-AF5615342825} = {7CE64F60-31F8-4DD9-8AC3-FCC8AFD46BC4}
		{82FAE247-58DA-4AEB-820A-15C242BB19A9} = {97397744-F893-440B-A116-AF5615342825}
		{CF23E08F-360E-4144-8DCC-E5D95C3BB58B} = {7CE64F60-31F8-4DD9-8AC3-FCC8AFD46BC4}
		{FE9ECB90-C7EB-4924-B3EC-8AEBA9C87033} = {CF23E08F-360E-4144-8DCC-E5D95C3BB58B}
		{3B4F2236-F440-4FB5-8386-130D0428D511} = {7CE64F60-31F8-4DD9-8AC3-FCC8AFD46BC4}
		{CC9F95D1-C0CF-4C42-9750-30A8F102DC25} = {3B4F2236-F440-4FB5-8386-130D0428D511}
		{E5011E8C-4871-4DB8-9F0E-C33B66FEC472} = {3B4F2236-F440-4FB5-8386-130D0428D511}
		{BE933BE8-2B38-4B2F-9A16-0B25A57820FD} = {7CE64F60-31F8-4DD9-8AC3-FCC8AFD46BC4}
		{F8027DEB-A563-4D6A-9246-625EC9BFD473} = {BE933BE8-2B38-4B2F-9A16-0B25A57820FD}
		{EA387DED-ADD6-4DFB-B936-271EDCAD23F1} = {BE933BE8-2B38-4B2F-9A16-0B25A57820FD}
		{FFDD014B-A55A-46CF-A705-4B34833644CF} = {BE933BE8-2B38-4B2F-9A16-0B25A57820FD}
		{3C9698D9-4339-47CA-B53A-21A8391D85CC} = {BE933BE8-2B38-4B2F-9A16-0B25A57820FD}
	EndGlobalSection
	GlobalSection(ExtensibilityGlobals) = postSolution
		SolutionGuid = {B3972ECB-6C03-493F-863A-6F71D9425EB8}
	EndGlobalSection
EndGlobal
